
Microsoft Visual Studio Solution File, Format Version 12.00
# Visual Studio Version 16
VisualStudioVersion = 16.0.29418.71
MinimumVisualStudioVersion = 10.0.40219.1
Project("{8BC9CEB8-8B4A-11D0-8D11-00A0C91BC942}") = "ZXShield", "ZXShield\ZXShield.vcxitems", "{1950F67D-A659-447C-ABA3-2A29D88703E8}"
EndProject
Project("{8BC9CEB8-8B4A-11D0-8D11-00A0C91BC942}") = "Devices", "Devices\Devices.vcxitems", "{F17C190D-3FAA-47F0-9ED2-524DDE73D377}"
EndProject
Project("{F16D4249-6279-474E-8826-742E7FF7445C}") = "ZXRegisterManager", "ZXRegisterManager\ZXRegisterManager.z80cdproj", "{568499E4-1DD3-4332-AF1D-6CDC987E4D58}"
EndProject
Project("{F16D4249-6279-474E-8826-742E7FF7445C}") = "ZXTelnet", "ZXTelnet\ZXTelnet.z80cdproj", "{68673954-4452-44AF-B114-FE12ED7271D8}"
EndProject
Project("{9A19103F-16F7-4668-BE54-9A1E7A4F7556}") = "ROMGenerator", "ROMGenerator\ROMGenerator.csproj", "{3F9B3D80-0636-431D-A4D8-CC7DF443A6D3}"
EndProject
Project("{8BC9CEB8-8B4A-11D0-8D11-00A0C91BC942}") = "ZXComms", "ZXComms\ZXComms.vcxproj", "{7BC89C1E-AA1E-4124-940B-F82E682DF3E9}"
EndProject
Project("{8BC9CEB8-8B4A-11D0-8D11-00A0C91BC942}") = "ZXBasicROM", "ZXBasicROM\ZXBasicROM.vcxproj", "{C5F80730-F44F-4478-BDAE-6634EFC2CA88}"
EndProject
Project("{2150E333-8FDC-42A3-9474-1A3956D46DE8}") = "Solution Items", "Solution Items", "{19CE39B7-712F-4F81-A3E2-E5E7668EAD8D}"
	ProjectSection(SolutionItems) = preProject
		README.MD = README.MD
		ZXShield.png = ZXShield.png
	EndProjectSection
EndProject
Project("{8BC9CEB8-8B4A-11D0-8D11-00A0C91BC942}") = "ZXBasicPeripheral", "ZXBasicPeripheral\ZXBasicPeripheral.vcxproj", "{19F6D799-8CC6-4709-88A2-E6BA0F0348CF}"
EndProject
Project("{8BC9CEB8-8B4A-11D0-8D11-00A0C91BC942}") = "ZXSwappableROM", "ZXSwappableROM\ZXSwappableROM.vcxproj", "{4F4D454D-25BF-4663-9AEE-E180D05559DA}"
EndProject
Project("{F16D4249-6279-474E-8826-742E7FF7445C}") = "ZXSerialLoaderROM", "ZXSerialLoaderROM\ZXSerialLoaderROM.z80cdproj", "{44B9C055-B9AC-4355-97A4-D7FBB1A89814}"
EndProject
Project("{8BC9CEB8-8B4A-11D0-8D11-00A0C91BC942}") = "ZXSerialLoaderFirmware", "ZXSerialLoaderFirmware\ZXSerialLoaderFirmware.vcxproj", "{3BB9B133-BFB1-400A-BFA4-369D5F5B338A}"
EndProject
Project("{FAE04EC0-301F-11D3-BF4B-00C04F79EFBC}") = "GeneraROMRAM", "GeneraROMRAM\GeneraROMRAM.csproj", "{E26D48C9-0195-48D1-B1D5-F060B97546BA}"
EndProject
Project("{FAE04EC0-301F-11D3-BF4B-00C04F79EFBC}") = "ZXDesktopLoader", "ZXDesktopLoader\ZXDesktopLoader.csproj", "{AF2125B8-2630-463E-87C1-E62242C0C0DE}"
EndProject
Project("{9A19103F-16F7-4668-BE54-9A1E7A4F7556}") = "ZXSerialLoaderLibrary", "ZXSerialLoaderLibrary\ZXSerialLoaderLibrary.csproj", "{D0C2A8D3-4CAB-40B5-A9DD-0F2205F726D8}"
EndProject
Project("{9A19103F-16F7-4668-BE54-9A1E7A4F7556}") = "ZXConsoleLoader", "ZXConsoleLoader\ZXConsoleLoader.csproj", "{CB61848F-9EC1-40C3-B0BB-6F7B66A877FA}"
EndProject
Project("{2150E333-8FDC-42A3-9474-1A3956D46DE8}") = "Serial loader", "Serial loader", "{EE68E536-3552-45FC-8B20-4CBB3AF038B1}"
EndProject
Project("{2150E333-8FDC-42A3-9474-1A3956D46DE8}") = "Basic examples", "Basic examples", "{CD46AFD0-C892-49C9-8B14-352E9727C672}"
EndProject
Project("{2150E333-8FDC-42A3-9474-1A3956D46DE8}") = "Telnet", "Telnet", "{F2E0674E-2817-4388-B64C-1FCBC8CB8EA6}"
EndProject
Project("{2150E333-8FDC-42A3-9474-1A3956D46DE8}") = "Support libraries", "Support libraries", "{CC858B4C-7E91-49D2-B368-7CF22CA51544}"
EndProject
Project("{8BC9CEB8-8B4A-11D0-8D11-00A0C91BC942}") = "ZXPokeadorFirmware", "ZXPokeadorFirmware\ZXPokeadorFirmware.vcxproj", "{AC372084-4F0B-479D-A41A-559EF6343765}"
EndProject
Project("{F16D4249-6279-474E-8826-742E7FF7445C}") = "ZXPokeadorROM", "ZXPokeadorROM\ZXPokeadorROM.z80cdproj", "{13FB7E01-7294-4C83-92D8-D8782E8491C7}"
EndProject
Project("{2150E333-8FDC-42A3-9474-1A3956D46DE8}") = "Pokeador", "Pokeador", "{D5CEB9CD-BF73-41CA-867F-CCD52BFBA688}"
EndProject
Project("{8BC9CEB8-8B4A-11D0-8D11-00A0C91BC942}") = "ZXCheatSystemFirmware", "ZXCheatSystemFirmware\ZXCheatSystemFirmware.vcxproj", "{4B69089C-CDB7-4642-AA35-2BDA4593EE7E}"
EndProject
Project("{F16D4249-6279-474E-8826-742E7FF7445C}") = "ZXCheatSystemROM", "ZXCheatSystemROM\ZXCheatSystemROM.z80cdproj", "{3DBDA2EF-6254-4BF0-B405-896F31E50D01}"
EndProject
Project("{2150E333-8FDC-42A3-9474-1A3956D46DE8}") = "CheatSystem", "CheatSystem", "{573CF2E4-4C19-437C-996C-7F24048DA65C}"
EndProject
Project("{8BC9CEB8-8B4A-11D0-8D11-00A0C91BC942}") = "ZXMIDIFirmware", "ZXMIDIFirmware\ZXMIDIFirmware.vcxproj", "{5F8AA569-32B5-4CB4-A281-DF412C18196C}"
EndProject
Project("{F16D4249-6279-474E-8826-742E7FF7445C}") = "ZXMIDIPlayer", "ZXMIDIPlayer\ZXMIDIPlayer.z80cdproj", "{2D3A8B5F-1E3B-4BB8-911E-31B78444B872}"
EndProject
Project("{2150E333-8FDC-42A3-9474-1A3956D46DE8}") = "MIDI", "MIDI", "{B616BDC6-CF82-42FF-990E-A0BDC300795F}"
EndProject
Global
	GlobalSection(SharedMSBuildProjectFiles) = preSolution
		ZXShield\ZXShield.vcxitems*{1950f67d-a659-447c-aba3-2a29d88703e8}*SharedItemsImports = 9
		ZXShield\ZXShield.vcxitems*{19f6d799-8cc6-4709-88a2-e6ba0f0348cf}*SharedItemsImports = 4
		ZXShield\ZXShield.vcxitems*{3bb9b133-bfb1-400a-bfa4-369d5f5b338a}*SharedItemsImports = 4
		Devices\Devices.vcxitems*{4b69089c-cdb7-4642-aa35-2bda4593ee7e}*SharedItemsImports = 4
		ZXShield\ZXShield.vcxitems*{4b69089c-cdb7-4642-aa35-2bda4593ee7e}*SharedItemsImports = 4
		ZXShield\ZXShield.vcxitems*{4f4d454d-25bf-4663-9aee-e180d05559da}*SharedItemsImports = 4
		Devices\Devices.vcxitems*{5f8aa569-32b5-4cb4-a281-df412c18196c}*SharedItemsImports = 4
		ZXShield\ZXShield.vcxitems*{5f8aa569-32b5-4cb4-a281-df412c18196c}*SharedItemsImports = 4
		Devices\Devices.vcxitems*{7bc89c1e-aa1e-4124-940b-f82e682df3e9}*SharedItemsImports = 4
		ZXShield\ZXShield.vcxitems*{7bc89c1e-aa1e-4124-940b-f82e682df3e9}*SharedItemsImports = 4
		ZXShield\ZXShield.vcxitems*{ac372084-4f0b-479d-a41a-559ef6343765}*SharedItemsImports = 4
		ZXShield\ZXShield.vcxitems*{c5f80730-f44f-4478-bdae-6634efc2ca88}*SharedItemsImports = 4
		Devices\Devices.vcxitems*{f17c190d-3faa-47f0-9ed2-524dde73d377}*SharedItemsImports = 9
	EndGlobalSection
	GlobalSection(SolutionConfigurationPlatforms) = preSolution
		Debug|Any CPU = Debug|Any CPU
		Debug|x86 = Debug|x86
		Release|Any CPU = Release|Any CPU
		Release|x86 = Release|x86
	EndGlobalSection
	GlobalSection(ProjectConfigurationPlatforms) = postSolution
		{3F9B3D80-0636-431D-A4D8-CC7DF443A6D3}.Debug|Any CPU.ActiveCfg = Debug|Any CPU
		{3F9B3D80-0636-431D-A4D8-CC7DF443A6D3}.Debug|Any CPU.Build.0 = Debug|Any CPU
		{3F9B3D80-0636-431D-A4D8-CC7DF443A6D3}.Debug|x86.ActiveCfg = Debug|Any CPU
		{3F9B3D80-0636-431D-A4D8-CC7DF443A6D3}.Debug|x86.Build.0 = Debug|Any CPU
		{3F9B3D80-0636-431D-A4D8-CC7DF443A6D3}.Release|Any CPU.ActiveCfg = Release|Any CPU
		{3F9B3D80-0636-431D-A4D8-CC7DF443A6D3}.Release|Any CPU.Build.0 = Release|Any CPU
		{3F9B3D80-0636-431D-A4D8-CC7DF443A6D3}.Release|x86.ActiveCfg = Release|Any CPU
		{3F9B3D80-0636-431D-A4D8-CC7DF443A6D3}.Release|x86.Build.0 = Release|Any CPU
		{7BC89C1E-AA1E-4124-940B-F82E682DF3E9}.Debug|Any CPU.ActiveCfg = Debug|Win32
		{7BC89C1E-AA1E-4124-940B-F82E682DF3E9}.Debug|x86.ActiveCfg = Debug|Win32
		{7BC89C1E-AA1E-4124-940B-F82E682DF3E9}.Debug|x86.Build.0 = Debug|Win32
		{7BC89C1E-AA1E-4124-940B-F82E682DF3E9}.Release|Any CPU.ActiveCfg = Release|Win32
		{7BC89C1E-AA1E-4124-940B-F82E682DF3E9}.Release|x86.ActiveCfg = Release|Win32
		{7BC89C1E-AA1E-4124-940B-F82E682DF3E9}.Release|x86.Build.0 = Release|Win32
		{C5F80730-F44F-4478-BDAE-6634EFC2CA88}.Debug|Any CPU.ActiveCfg = Debug|Win32
		{C5F80730-F44F-4478-BDAE-6634EFC2CA88}.Debug|x86.ActiveCfg = Debug|Win32
		{C5F80730-F44F-4478-BDAE-6634EFC2CA88}.Debug|x86.Build.0 = Debug|Win32
		{C5F80730-F44F-4478-BDAE-6634EFC2CA88}.Release|Any CPU.ActiveCfg = Release|Win32
		{C5F80730-F44F-4478-BDAE-6634EFC2CA88}.Release|x86.ActiveCfg = Release|Win32
		{C5F80730-F44F-4478-BDAE-6634EFC2CA88}.Release|x86.Build.0 = Release|Win32
		{19F6D799-8CC6-4709-88A2-E6BA0F0348CF}.Debug|Any CPU.ActiveCfg = Debug|Win32
		{19F6D799-8CC6-4709-88A2-E6BA0F0348CF}.Debug|x86.ActiveCfg = Debug|Win32
		{19F6D799-8CC6-4709-88A2-E6BA0F0348CF}.Debug|x86.Build.0 = Debug|Win32
		{19F6D799-8CC6-4709-88A2-E6BA0F0348CF}.Release|Any CPU.ActiveCfg = Release|Win32
		{19F6D799-8CC6-4709-88A2-E6BA0F0348CF}.Release|x86.ActiveCfg = Release|Win32
		{19F6D799-8CC6-4709-88A2-E6BA0F0348CF}.Release|x86.Build.0 = Release|Win32
		{4F4D454D-25BF-4663-9AEE-E180D05559DA}.Debug|Any CPU.ActiveCfg = Debug|Win32
		{4F4D454D-25BF-4663-9AEE-E180D05559DA}.Debug|x86.ActiveCfg = Debug|Win32
		{4F4D454D-25BF-4663-9AEE-E180D05559DA}.Debug|x86.Build.0 = Debug|Win32
		{4F4D454D-25BF-4663-9AEE-E180D05559DA}.Release|Any CPU.ActiveCfg = Release|Win32
		{4F4D454D-25BF-4663-9AEE-E180D05559DA}.Release|x86.ActiveCfg = Release|Win32
		{4F4D454D-25BF-4663-9AEE-E180D05559DA}.Release|x86.Build.0 = Release|Win32
		{3BB9B133-BFB1-400A-BFA4-369D5F5B338A}.Debug|Any CPU.ActiveCfg = Debug|Win32
		{3BB9B133-BFB1-400A-BFA4-369D5F5B338A}.Debug|x86.ActiveCfg = Debug|Win32
		{3BB9B133-BFB1-400A-BFA4-369D5F5B338A}.Debug|x86.Build.0 = Debug|Win32
		{3BB9B133-BFB1-400A-BFA4-369D5F5B338A}.Release|Any CPU.ActiveCfg = Release|Win32
		{3BB9B133-BFB1-400A-BFA4-369D5F5B338A}.Release|x86.ActiveCfg = Release|Win32
		{3BB9B133-BFB1-400A-BFA4-369D5F5B338A}.Release|x86.Build.0 = Release|Win32
		{E26D48C9-0195-48D1-B1D5-F060B97546BA}.Debug|Any CPU.ActiveCfg = Debug|Any CPU
		{E26D48C9-0195-48D1-B1D5-F060B97546BA}.Debug|Any CPU.Build.0 = Debug|Any CPU
		{E26D48C9-0195-48D1-B1D5-F060B97546BA}.Debug|x86.ActiveCfg = Debug|Any CPU
		{E26D48C9-0195-48D1-B1D5-F060B97546BA}.Debug|x86.Build.0 = Debug|Any CPU
		{E26D48C9-0195-48D1-B1D5-F060B97546BA}.Release|Any CPU.ActiveCfg = Release|Any CPU
		{E26D48C9-0195-48D1-B1D5-F060B97546BA}.Release|Any CPU.Build.0 = Release|Any CPU
		{E26D48C9-0195-48D1-B1D5-F060B97546BA}.Release|x86.ActiveCfg = Release|Any CPU
		{E26D48C9-0195-48D1-B1D5-F060B97546BA}.Release|x86.Build.0 = Release|Any CPU
		{AF2125B8-2630-463E-87C1-E62242C0C0DE}.Debug|Any CPU.ActiveCfg = Debug|Any CPU
		{AF2125B8-2630-463E-87C1-E62242C0C0DE}.Debug|Any CPU.Build.0 = Debug|Any CPU
		{AF2125B8-2630-463E-87C1-E62242C0C0DE}.Debug|x86.ActiveCfg = Debug|Any CPU
		{AF2125B8-2630-463E-87C1-E62242C0C0DE}.Debug|x86.Build.0 = Debug|Any CPU
		{AF2125B8-2630-463E-87C1-E62242C0C0DE}.Release|Any CPU.ActiveCfg = Release|Any CPU
		{AF2125B8-2630-463E-87C1-E62242C0C0DE}.Release|Any CPU.Build.0 = Release|Any CPU
		{AF2125B8-2630-463E-87C1-E62242C0C0DE}.Release|x86.ActiveCfg = Release|Any CPU
		{AF2125B8-2630-463E-87C1-E62242C0C0DE}.Release|x86.Build.0 = Release|Any CPU
		{D0C2A8D3-4CAB-40B5-A9DD-0F2205F726D8}.Debug|Any CPU.ActiveCfg = Debug|Any CPU
		{D0C2A8D3-4CAB-40B5-A9DD-0F2205F726D8}.Debug|Any CPU.Build.0 = Debug|Any CPU
		{D0C2A8D3-4CAB-40B5-A9DD-0F2205F726D8}.Debug|x86.ActiveCfg = Debug|Any CPU
		{D0C2A8D3-4CAB-40B5-A9DD-0F2205F726D8}.Debug|x86.Build.0 = Debug|Any CPU
		{D0C2A8D3-4CAB-40B5-A9DD-0F2205F726D8}.Release|Any CPU.ActiveCfg = Release|Any CPU
		{D0C2A8D3-4CAB-40B5-A9DD-0F2205F726D8}.Release|Any CPU.Build.0 = Release|Any CPU
		{D0C2A8D3-4CAB-40B5-A9DD-0F2205F726D8}.Release|x86.ActiveCfg = Release|Any CPU
		{D0C2A8D3-4CAB-40B5-A9DD-0F2205F726D8}.Release|x86.Build.0 = Release|Any CPU
		{CB61848F-9EC1-40C3-B0BB-6F7B66A877FA}.Debug|Any CPU.ActiveCfg = Debug|Any CPU
		{CB61848F-9EC1-40C3-B0BB-6F7B66A877FA}.Debug|Any CPU.Build.0 = Debug|Any CPU
		{CB61848F-9EC1-40C3-B0BB-6F7B66A877FA}.Debug|x86.ActiveCfg = Debug|Any CPU
		{CB61848F-9EC1-40C3-B0BB-6F7B66A877FA}.Debug|x86.Build.0 = Debug|Any CPU
		{CB61848F-9EC1-40C3-B0BB-6F7B66A877FA}.Release|Any CPU.ActiveCfg = Release|Any CPU
		{CB61848F-9EC1-40C3-B0BB-6F7B66A877FA}.Release|Any CPU.Build.0 = Release|Any CPU
		{CB61848F-9EC1-40C3-B0BB-6F7B66A877FA}.Release|x86.ActiveCfg = Release|Any CPU
		{CB61848F-9EC1-40C3-B0BB-6F7B66A877FA}.Release|x86.Build.0 = Release|Any CPU
		{AC372084-4F0B-479D-A41A-559EF6343765}.Debug|Any CPU.ActiveCfg = Debug|Win32
		{AC372084-4F0B-479D-A41A-559EF6343765}.Debug|x86.ActiveCfg = Debug|Win32
		{AC372084-4F0B-479D-A41A-559EF6343765}.Debug|x86.Build.0 = Debug|Win32
		{AC372084-4F0B-479D-A41A-559EF6343765}.Release|Any CPU.ActiveCfg = Release|Win32
		{AC372084-4F0B-479D-A41A-559EF6343765}.Release|x86.ActiveCfg = Release|Win32
		{AC372084-4F0B-479D-A41A-559EF6343765}.Release|x86.Build.0 = Release|Win32
		{4B69089C-CDB7-4642-AA35-2BDA4593EE7E}.Debug|Any CPU.ActiveCfg = Debug|Win32
		{4B69089C-CDB7-4642-AA35-2BDA4593EE7E}.Debug|x86.ActiveCfg = Debug|Win32
		{4B69089C-CDB7-4642-AA35-2BDA4593EE7E}.Debug|x86.Build.0 = Debug|Win32
		{4B69089C-CDB7-4642-AA35-2BDA4593EE7E}.Release|Any CPU.ActiveCfg = Release|Win32
		{4B69089C-CDB7-4642-AA35-2BDA4593EE7E}.Release|x86.ActiveCfg = Release|Win32
		{4B69089C-CDB7-4642-AA35-2BDA4593EE7E}.Release|x86.Build.0 = Release|Win32
		{5F8AA569-32B5-4CB4-A281-DF412C18196C}.Debug|Any CPU.ActiveCfg = Debug|Win32
		{5F8AA569-32B5-4CB4-A281-DF412C18196C}.Debug|x86.ActiveCfg = Debug|Win32
		{5F8AA569-32B5-4CB4-A281-DF412C18196C}.Debug|x86.Build.0 = Debug|Win32
		{5F8AA569-32B5-4CB4-A281-DF412C18196C}.Release|Any CPU.ActiveCfg = Release|Win32
		{5F8AA569-32B5-4CB4-A281-DF412C18196C}.Release|x86.ActiveCfg = Release|Win32
		{5F8AA569-32B5-4CB4-A281-DF412C18196C}.Release|x86.Build.0 = Release|Win32
	EndGlobalSection
	GlobalSection(SolutionProperties) = preSolution
		HideSolutionNode = FALSE
	EndGlobalSection
	GlobalSection(NestedProjects) = preSolution
		{F17C190D-3FAA-47F0-9ED2-524DDE73D377} = {CC858B4C-7E91-49D2-B368-7CF22CA51544}
		{568499E4-1DD3-4332-AF1D-6CDC987E4D58} = {CD46AFD0-C892-49C9-8B14-352E9727C672}
		{68673954-4452-44AF-B114-FE12ED7271D8} = {F2E0674E-2817-4388-B64C-1FCBC8CB8EA6}
		{3F9B3D80-0636-431D-A4D8-CC7DF443A6D3} = {CD46AFD0-C892-49C9-8B14-352E9727C672}
		{7BC89C1E-AA1E-4124-940B-F82E682DF3E9} = {F2E0674E-2817-4388-B64C-1FCBC8CB8EA6}
		{C5F80730-F44F-4478-BDAE-6634EFC2CA88} = {CD46AFD0-C892-49C9-8B14-352E9727C672}
		{19F6D799-8CC6-4709-88A2-E6BA0F0348CF} = {CD46AFD0-C892-49C9-8B14-352E9727C672}
		{4F4D454D-25BF-4663-9AEE-E180D05559DA} = {CD46AFD0-C892-49C9-8B14-352E9727C672}
		{44B9C055-B9AC-4355-97A4-D7FBB1A89814} = {EE68E536-3552-45FC-8B20-4CBB3AF038B1}
		{3BB9B133-BFB1-400A-BFA4-369D5F5B338A} = {EE68E536-3552-45FC-8B20-4CBB3AF038B1}
		{E26D48C9-0195-48D1-B1D5-F060B97546BA} = {573CF2E4-4C19-437C-996C-7F24048DA65C}
		{AF2125B8-2630-463E-87C1-E62242C0C0DE} = {EE68E536-3552-45FC-8B20-4CBB3AF038B1}
		{D0C2A8D3-4CAB-40B5-A9DD-0F2205F726D8} = {EE68E536-3552-45FC-8B20-4CBB3AF038B1}
		{CB61848F-9EC1-40C3-B0BB-6F7B66A877FA} = {EE68E536-3552-45FC-8B20-4CBB3AF038B1}
		{AC372084-4F0B-479D-A41A-559EF6343765} = {D5CEB9CD-BF73-41CA-867F-CCD52BFBA688}
		{13FB7E01-7294-4C83-92D8-D8782E8491C7} = {D5CEB9CD-BF73-41CA-867F-CCD52BFBA688}
		{4B69089C-CDB7-4642-AA35-2BDA4593EE7E} = {573CF2E4-4C19-437C-996C-7F24048DA65C}
		{3DBDA2EF-6254-4BF0-B405-896F31E50D01} = {573CF2E4-4C19-437C-996C-7F24048DA65C}
		{5F8AA569-32B5-4CB4-A281-DF412C18196C} = {B616BDC6-CF82-42FF-990E-A0BDC300795F}
		{2D3A8B5F-1E3B-4BB8-911E-31B78444B872} = {B616BDC6-CF82-42FF-990E-A0BDC300795F}
	EndGlobalSection
	GlobalSection(ExtensibilityGlobals) = postSolution
		SolutionGuid = {5D0E1D38-323F-4D18-BFF5-F49EAB5F53F1}
	EndGlobalSection
EndGlobal
