<?xml version="1.0" encoding="utf-8"?>
<Project ToolsVersion="12.0" xmlns="http://schemas.microsoft.com/developer/msbuild/2003">
  <ItemGroup>
    <Text Include="$(MSBuildThisFileDirectory)readme.txt" />
  </ItemGroup>
  <ItemGroup>
    <ClCompile Include="$(MSBuildThisFileDirectory)ESP01.cpp" />
    <ClCompile Include="$(MSBuildThisFileDirectory)MCP23S17.cpp" />
    <ClCompile Include="$(MSBuildThisFileDirectory)MCP42XXX.cpp" />
    <ClCompile Include="$(MSBuildThisFileDirectory)S25FL208K.cpp" />
    <ClCompile Include="$(MSBuildThisFileDirectory)SR23K.cpp" />
    <ClCompile Include="$(MSBuildThisFileDirectory)VS1053MIDI.cpp" />
  </ItemGroup>
  <ItemGroup>
    <ClInclude Include="$(MSBuildThisFileDirectory)ESP01.h" />
    <ClInclude Include="$(MSBuildThisFileDirectory)MCP23S17.h" />
    <ClInclude Include="$(MSBuildThisFileDirectory)MCP42XXX.h" />
    <ClInclude Include="$(MSBuildThisFileDirectory)S25FL208K.h" />
    <ClInclude Include="$(MSBuildThisFileDirectory)SR23K.h" />
    <ClInclude Include="$(MSBuildThisFileDirectory)VS1053MIDI.h" />
  </ItemGroup>
</Project>